// !$*UTF8*$!
{
	archiveVersion = 1;
	classes = {
	};
	objectVersion = 48;
	objects = {

/* Begin PBXBuildFile section */
		79152D9C2047FC4600434D43 /* AppDelegate.swift in Sources */ = {isa = PBXBuildFile; fileRef = 79152D9B2047FC4600434D43 /* AppDelegate.swift */; };
		79152D9E2047FC4600434D43 /* ViewController.swift in Sources */ = {isa = PBXBuildFile; fileRef = 79152D9D2047FC4600434D43 /* ViewController.swift */; };
		79152DA12047FC4600434D43 /* Main.storyboard in Resources */ = {isa = PBXBuildFile; fileRef = 79152D9F2047FC4600434D43 /* Main.storyboard */; };
		79152DA32047FC4600434D43 /* Assets.xcassets in Resources */ = {isa = PBXBuildFile; fileRef = 79152DA22047FC4600434D43 /* Assets.xcassets */; };
		79152DA62047FC4600434D43 /* LaunchScreen.storyboard in Resources */ = {isa = PBXBuildFile; fileRef = 79152DA42047FC4600434D43 /* LaunchScreen.storyboard */; };
		79152DAF204808F800434D43 /* Concentration.swift in Sources */ = {isa = PBXBuildFile; fileRef = 79152DAE204808F800434D43 /* Concentration.swift */; };
		79152DB12048092E00434D43 /* Card.swift in Sources */ = {isa = PBXBuildFile; fileRef = 79152DB02048092E00434D43 /* Card.swift */; };
		7973367F204D2AEE008F2DF2 /* Theme.swift in Sources */ = {isa = PBXBuildFile; fileRef = 7973367E204D2AEE008F2DF2 /* Theme.swift */; };
/* End PBXBuildFile section */

/* Begin PBXFileReference section */
		79152D982047FC4600434D43 /* ConentrationAssignment.app */ = {isa = PBXFileReference; explicitFileType = wrapper.application; includeInIndex = 0; path = ConentrationAssignment.app; sourceTree = BUILT_PRODUCTS_DIR; };
		79152D9B2047FC4600434D43 /* AppDelegate.swift */ = {isa = PBXFileReference; lastKnownFileType = sourcecode.swift; path = AppDelegate.swift; sourceTree = "<group>"; };
		79152D9D2047FC4600434D43 /* ViewController.swift */ = {isa = PBXFileReference; lastKnownFileType = sourcecode.swift; path = ViewController.swift; sourceTree = "<group>"; };
		79152DA02047FC4600434D43 /* Base */ = {isa = PBXFileReference; lastKnownFileType = file.storyboard; name = Base; path = Base.lproj/Main.storyboard; sourceTree = "<group>"; };
		79152DA22047FC4600434D43 /* Assets.xcassets */ = {isa = PBXFileReference; lastKnownFileType = folder.assetcatalog; path = Assets.xcassets; sourceTree = "<group>"; };
		79152DA52047FC4600434D43 /* Base */ = {isa = PBXFileReference; lastKnownFileType = file.storyboard; name = Base; path = Base.lproj/LaunchScreen.storyboard; sourceTree = "<group>"; };
		79152DA72047FC4600434D43 /* Info.plist */ = {isa = PBXFileReference; lastKnownFileType = text.plist.xml; path = Info.plist; sourceTree = "<group>"; };
		79152DAE204808F800434D43 /* Concentration.swift */ = {isa = PBXFileReference; lastKnownFileType = sourcecode.swift; name = Concentration.swift; path = "Supporting Files/Concentration.swift"; sourceTree = "<group>"; };
		79152DB02048092E00434D43 /* Card.swift */ = {isa = PBXFileReference; lastKnownFileType = sourcecode.swift; path = Card.swift; sourceTree = "<group>"; };
		7973367E204D2AEE008F2DF2 /* Theme.swift */ = {isa = PBXFileReference; lastKnownFileType = sourcecode.swift; path = Theme.swift; sourceTree = "<group>"; };
/* End PBXFileReference section */

/* Begin PBXFrameworksBuildPhase section */
		79152D952047FC4600434D43 /* Frameworks */ = {
			isa = PBXFrameworksBuildPhase;
			buildActionMask = 2147483647;
			files = (
			);
			runOnlyForDeploymentPostprocessing = 0;
		};
/* End PBXFrameworksBuildPhase section */

/* Begin PBXGroup section */
		79152D8F2047FC4600434D43 = {
			isa = PBXGroup;
			children = (
				79152D9A2047FC4600434D43 /* ConentrationAssignment */,
				79152D992047FC4600434D43 /* Products */,
			);
			sourceTree = "<group>";
		};
		79152D992047FC4600434D43 /* Products */ = {
			isa = PBXGroup;
			children = (
				79152D982047FC4600434D43 /* ConentrationAssignment.app */,
			);
			name = Products;
			sourceTree = "<group>";
		};
		79152D9A2047FC4600434D43 /* ConentrationAssignment */ = {
			isa = PBXGroup;
			children = (
				79152DAD2047FD1F00434D43 /* Supporting Files */,
				79152D9D2047FC4600434D43 /* ViewController.swift */,
				79152D9F2047FC4600434D43 /* Main.storyboard */,
				79152DA72047FC4600434D43 /* Info.plist */,
				79152DAE204808F800434D43 /* Concentration.swift */,
				79152DB02048092E00434D43 /* Card.swift */,
				7973367E204D2AEE008F2DF2 /* Theme.swift */,
			);
			path = ConentrationAssignment;
			sourceTree = "<group>";
		};
		79152DAD2047FD1F00434D43 /* Supporting Files */ = {
			isa = PBXGroup;
			children = (
				79152D9B2047FC4600434D43 /* AppDelegate.swift */,
				79152DA22047FC4600434D43 /* Assets.xcassets */,
				79152DA42047FC4600434D43 /* LaunchScreen.storyboard */,
			);
			path = "Supporting Files";
			sourceTree = "<group>";
		};
/* End PBXGroup section */

/* Begin PBXNativeTarget section */
		79152D972047FC4600434D43 /* ConentrationAssignment */ = {
			isa = PBXNativeTarget;
			buildConfigurationList = 79152DAA2047FC4600434D43 /* Build configuration list for PBXNativeTarget "ConentrationAssignment" */;
			buildPhases = (
				79152D942047FC4600434D43 /* Sources */,
				79152D952047FC4600434D43 /* Frameworks */,
				79152D962047FC4600434D43 /* Resources */,
			);
			buildRules = (
			);
			dependencies = (
			);
			name = ConentrationAssignment;
			productName = ConentrationAssignment;
			productReference = 79152D982047FC4600434D43 /* ConentrationAssignment.app */;
			productType = "com.apple.product-type.application";
		};
/* End PBXNativeTarget section */

/* Begin PBXProject section */
		79152D902047FC4600434D43 /* Project object */ = {
			isa = PBXProject;
			attributes = {
				LastSwiftUpdateCheck = 0920;
				LastUpgradeCheck = 0920;
				ORGANIZATIONNAME = LostRfounds;
				TargetAttributes = {
					79152D972047FC4600434D43 = {
						CreatedOnToolsVersion = 9.2;
						ProvisioningStyle = Automatic;
					};
				};
			};
			buildConfigurationList = 79152D932047FC4600434D43 /* Build configuration list for PBXProject "ConentrationAssignment" */;
			compatibilityVersion = "Xcode 8.0";
			developmentRegion = en;
			hasScannedForEncodings = 0;
			knownRegions = (
				en,
				Base,
			);
			mainGroup = 79152D8F2047FC4600434D43;
			productRefGroup = 79152D992047FC4600434D43 /* Products */;
			projectDirPath = "";
			projectRoot = "";
			targets = (
				79152D972047FC4600434D43 /* ConentrationAssignment */,
			);
		};
/* End PBXProject section */

/* Begin PBXResourcesBuildPhase section */
		79152D962047FC4600434D43 /* Resources */ = {
			isa = PBXResourcesBuildPhase;
			buildActionMask = 2147483647;
			files = (
				79152DA62047FC4600434D43 /* LaunchScreen.storyboard in Resources */,
				79152DA32047FC4600434D43 /* Assets.xcassets in Resources */,
				79152DA12047FC4600434D43 /* Main.storyboard in Resources */,
			);
			runOnlyForDeploymentPostprocessing = 0;
		};
/* End PBXResourcesBuildPhase section */

/* Begin PBXSourcesBuildPhase section */
		79152D942047FC4600434D43 /* Sources */ = {
			isa = PBXSourcesBuildPhase;
			buildActionMask = 2147483647;
			files = (
				79152D9E2047FC4600434D43 /* ViewController.swift in Sources */,
				79152D9C2047FC4600434D43 /* AppDelegate.swift in Sources */,
				7973367F204D2AEE008F2DF2 /* Theme.swift in Sources */,
				79152DAF204808F800434D43 /* Concentration.swift in Sources */,
				79152DB12048092E00434D43 /* Card.swift in Sources */,
			);
			runOnlyForDeploymentPostprocessing = 0;
		};
/* End PBXSourcesBuildPhase section */

/* Begin PBXVariantGroup section */
		79152D9F2047FC4600434D43 /* Main.storyboard */ = {
			isa = PBXVariantGroup;
			children = (
				79152DA02047FC4600434D43 /* Base */,
			);
			name = Main.storyboard;
			sourceTree = "<group>";
		};
		79152DA42047FC4600434D43 /* LaunchScreen.storyboard */ = {
			isa = PBXVariantGroup;
			children = (
				79152DA52047FC4600434D43 /* Base */,
			);
			name = LaunchScreen.storyboard;
			sourceTree = "<group>";
		};
/* End PBXVariantGroup section */

/* Begin XCBuildConfiguration section */
		79152DA82047FC4600434D43 /* Debug */ = {
			isa = XCBuildConfiguration;
			buildSettings = {
				ALWAYS_SEARCH_USER_PATHS = NO;
				CLANG_ANALYZER_NONNULL = YES;
				CLANG_ANALYZER_NUMBER_OBJECT_CONVERSION = YES_AGGRESSIVE;
				CLANG_CXX_LANGUAGE_STANDARD = "gnu++14";
				CLANG_CXX_LIBRARY = "libc++";
				CLANG_ENABLE_MODULES = YES;
				CLANG_ENABLE_OBJC_ARC = YES;
				CLANG_WARN_BLOCK_CAPTURE_AUTORELEASING = YES;
				CLANG_WARN_BOOL_CONVERSION = YES;
				CLANG_WARN_COMMA = YES;
				CLANG_WARN_CONSTANT_CONVERSION = YES;
				CLANG_WARN_DIRECT_OBJC_ISA_USAGE = YES_ERROR;
				CLANG_WARN_DOCUMENTATION_COMMENTS = YES;
				CLANG_WARN_EMPTY_BODY = YES;
				CLANG_WARN_ENUM_CONVERSION = YES;
				CLANG_WARN_INFINITE_RECURSION = YES;
				CLANG_WARN_INT_CONVERSION = YES;
				CLANG_WARN_NON_LITERAL_NULL_CONVERSION = YES;
				CLANG_WARN_OBJC_LITERAL_CONVERSION = YES;
				CLANG_WARN_OBJC_ROOT_CLASS = YES_ERROR;
				CLANG_WARN_RANGE_LOOP_ANALYSIS = YES;
				CLANG_WARN_STRICT_PROTOTYPES = YES;
				CLANG_WARN_SUSPICIOUS_MOVE = YES;
				CLANG_WARN_UNGUARDED_AVAILABILITY = YES_AGGRESSIVE;
				CLANG_WARN_UNREACHABLE_CODE = YES;
				CLANG_WARN__DUPLICATE_METHOD_MATCH = YES;
				CODE_SIGN_IDENTITY = "iPhone Developer";
				COPY_PHASE_STRIP = NO;
				DEBUG_INFORMATION_FORMAT = dwarf;
				ENABLE_STRICT_OBJC_MSGSEND = YES;
				ENABLE_TESTABILITY = YES;
				GCC_C_LANGUAGE_STANDARD = gnu11;
				GCC_DYNAMIC_NO_PIC = NO;
				GCC_NO_COMMON_BLOCKS = YES;
				GCC_OPTIMIZATION_LEVEL = 0;
				GCC_PREPROCESSOR_DEFINITIONS = (
					"DEBUG=1",
					"$(inherited)",
				);
				GCC_WARN_64_TO_32_BIT_CONVERSION = YES;
				GCC_WARN_ABOUT_RETURN_TYPE = YES_ERROR;
				GCC_WARN_UNDECLARED_SELECTOR = YES;
				GCC_WARN_UNINITIALIZED_AUTOS = YES_AGGRESSIVE;
				GCC_WARN_UNUSED_FUNCTION = YES;
				GCC_WARN_UNUSED_VARIABLE = YES;
				IPHONEOS_DEPLOYMENT_TARGET = 11.2;
				MTL_ENABLE_DEBUG_INFO = YES;
				ONLY_ACTIVE_ARCH = YES;
				SDKROOT = iphoneos;
				SWIFT_ACTIVE_COMPILATION_CONDITIONS = DEBUG;
				SWIFT_OPTIMIZATION_LEVEL = "-Onone";
			};
			name = Debug;
		};
		79152DA92047FC4600434D43 /* Release */ = {
			isa = XCBuildConfiguration;
			buildSettings = {
				ALWAYS_SEARCH_USER_PATHS = NO;
				CLANG_ANALYZER_NONNULL = YES;
				CLANG_ANALYZER_NUMBER_OBJECT_CONVERSION = YES_AGGRESSIVE;
				CLANG_CXX_LANGUAGE_STANDARD = "gnu++14";
				CLANG_CXX_LIBRARY = "libc++";
				CLANG_ENABLE_MODULES = YES;
				CLANG_ENABLE_OBJC_ARC = YES;
				CLANG_WARN_BLOCK_CAPTURE_AUTORELEASING = YES;
				CLANG_WARN_BOOL_CONVERSION = YES;
				CLANG_WARN_COMMA = YES;
				CLANG_WARN_CONSTANT_CONVERSION = YES;
				CLANG_WARN_DIRECT_OBJC_ISA_USAGE = YES_ERROR;
				CLANG_WARN_DOCUMENTATION_COMMENTS = YES;
				CLANG_WARN_EMPTY_BODY = YES;
				CLANG_WARN_ENUM_CONVERSION = YES;
				CLANG_WARN_INFINITE_RECURSION = YES;
				CLANG_WARN_INT_CONVERSION = YES;
				CLANG_WARN_NON_LITERAL_NULL_CONVERSION = YES;
				CLANG_WARN_OBJC_LITERAL_CONVERSION = YES;
				CLANG_WARN_OBJC_ROOT_CLASS = YES_ERROR;
				CLANG_WARN_RANGE_LOOP_ANALYSIS = YES;
				CLANG_WARN_STRICT_PROTOTYPES = YES;
				CLANG_WARN_SUSPICIOUS_MOVE = YES;
				CLANG_WARN_UNGUARDED_AVAILABILITY = YES_AGGRESSIVE;
				CLANG_WARN_UNREACHABLE_CODE = YES;
				CLANG_WARN__DUPLICATE_METHOD_MATCH = YES;
				CODE_SIGN_IDENTITY = "iPhone Developer";
				COPY_PHASE_STRIP = NO;
				DEBUG_INFORMATION_FORMAT = "dwarf-with-dsym";
				ENABLE_NS_ASSERTIONS = NO;
				ENABLE_STRICT_OBJC_MSGSEND = YES;
				GCC_C_LANGUAGE_STANDARD = gnu11;
				GCC_NO_COMMON_BLOCKS = YES;
				GCC_WARN_64_TO_32_BIT_CONVERSION = YES;
				GCC_WARN_ABOUT_RETURN_TYPE = YES_ERROR;
				GCC_WARN_UNDECLARED_SELECTOR = YES;
				GCC_WARN_UNINITIALIZED_AUTOS = YES_AGGRESSIVE;
				GCC_WARN_UNUSED_FUNCTION = YES;
				GCC_WARN_UNUSED_VARIABLE = YES;
				IPHONEOS_DEPLOYMENT_TARGET = 11.2;
				MTL_ENABLE_DEBUG_INFO = NO;
				SDKROOT = iphoneos;
				SWIFT_OPTIMIZATION_LEVEL = "-Owholemodule";
				VALIDATE_PRODUCT = YES;
			};
			name = Release;
		};
		79152DAB2047FC4600434D43 /* Debug */ = {
			isa = XCBuildConfiguration;
			buildSettings = {
				ASSETCATALOG_COMPILER_APPICON_NAME = AppIcon;
				CODE_SIGN_STYLE = Automatic;
				DEVELOPMENT_TEAM = W8695FX2Q8;
				INFOPLIST_FILE = ConentrationAssignment/Info.plist;
				LD_RUNPATH_SEARCH_PATHS = "$(inherited) @executable_path/Frameworks";
				PRODUCT_BUNDLE_IDENTIFIER = com.LostRfounds.ConentrationAssignment;
				PRODUCT_NAME = "$(TARGET_NAME)";
				SWIFT_VERSION = 4.0;
				TARGETED_DEVICE_FAMILY = "1,2";
			};
			name = Debug;
		};
		79152DAC2047FC4600434D43 /* Release */ = {
			isa = XCBuildConfiguration;
			buildSettings = {
				ASSETCATALOG_COMPILER_APPICON_NAME = AppIcon;
				CODE_SIGN_STYLE = Automatic;
				DEVELOPMENT_TEAM = W8695FX2Q8;
				INFOPLIST_FILE = ConentrationAssignment/Info.plist;
				LD_RUNPATH_SEARCH_PATHS = "$(inherited) @executable_path/Frameworks";
				PRODUCT_BUNDLE_IDENTIFIER = com.LostRfounds.ConentrationAssignment;
				PRODUCT_NAME = "$(TARGET_NAME)";
				SWIFT_VERSION = 4.0;
				TARGETED_DEVICE_FAMILY = "1,2";
			};
			name = Release;
		};
/* End XCBuildConfiguration section */

/* Begin XCConfigurationList section */
		79152D932047FC4600434D43 /* Build configuration list for PBXProject "ConentrationAssignment" */ = {
			isa = XCConfigurationList;
			buildConfigurations = (
				79152DA82047FC4600434D43 /* Debug */,
				79152DA92047FC4600434D43 /* Release */,
			);
			defaultConfigurationIsVisible = 0;
			defaultConfigurationName = Release;
		};
		79152DAA2047FC4600434D43 /* Build configuration list for PBXNativeTarget "ConentrationAssignment" */ = {
			isa = XCConfigurationList;
			buildConfigurations = (
				79152DAB2047FC4600434D43 /* Debug */,
				79152DAC2047FC4600434D43 /* Release */,
			);
			defaultConfigurationIsVisible = 0;
			defaultConfigurationName = Release;
		};
/* End XCConfigurationList section */
	};
	rootObject = 79152D902047FC4600434D43 /* Project object */;
}
